
Microsoft Visual Studio Solution File, Format Version 12.00
# Visual Studio Version 16
VisualStudioVersion = 16.0.29411.108
MinimumVisualStudioVersion = 10.0.40219.1
Project("{FAE04EC0-301F-11D3-BF4B-00C04F79EFBC}") = "ASPNETapp", "ASPNETapp\ASPNETapp.csproj", "{56B9DD93-2376-485F-B40A-E73C2C499AA3}"
EndProject
Project("{FAE04EC0-301F-11D3-BF4B-00C04F79EFBC}") = "WebFormsApplication", "WebFormsApplication\WebFormsApplication.csproj", "{DCC43268-F049-4724-B93A-A36D8A23A62F}"
EndProject
Global
	GlobalSection(SolutionConfigurationPlatforms) = preSolution
		Debug|Any CPU = Debug|Any CPU
		Release|Any CPU = Release|Any CPU
	EndGlobalSection
	GlobalSection(ProjectConfigurationPlatforms) = postSolution
		{56B9DD93-2376-485F-B40A-E73C2C499AA3}.Debug|Any CPU.ActiveCfg = Debug|Any CPU
		{56B9DD93-2376-485F-B40A-E73C2C499AA3}.Debug|Any CPU.Build.0 = Debug|Any CPU
		{56B9DD93-2376-485F-B40A-E73C2C499AA3}.Release|Any CPU.ActiveCfg = Release|Any CPU
		{56B9DD93-2376-485F-B40A-E73C2C499AA3}.Release|Any CPU.Build.0 = Release|Any CPU
		{DCC43268-F049-4724-B93A-A36D8A23A62F}.Debug|Any CPU.ActiveCfg = Debug|Any CPU
		{DCC43268-F049-4724-B93A-A36D8A23A62F}.Debug|Any CPU.Build.0 = Debug|Any CPU
		{DCC43268-F049-4724-B93A-A36D8A23A62F}.Release|Any CPU.ActiveCfg = Release|Any CPU
		{DCC43268-F049-4724-B93A-A36D8A23A62F}.Release|Any CPU.Build.0 = Release|Any CPU
	EndGlobalSection
	GlobalSection(SolutionProperties) = preSolution
		HideSolutionNode = FALSE
	EndGlobalSection
	GlobalSection(ExtensibilityGlobals) = postSolution
		SolutionGuid = {6A9E62A9-7E56-4930-B162-5002A9D3A19E}
	EndGlobalSection
EndGlobal
